
Microsoft Visual Studio Solution File, Format Version 12.00
# Visual Studio Version 16
VisualStudioVersion = 16.0.808.1
MinimumVisualStudioVersion = 10.0.40219.1
Project("{FAE04EC0-301F-11D3-BF4B-00C04F79EFBC}") = "Dashboard.API", "Dashboard.API\Dashboard.API.csproj", "{CAE30B49-E373-4063-A945-C1E2FF13769A}"
EndProject
Global
	GlobalSection(SolutionConfigurationPlatforms) = preSolution
		Debug|Any CPU = Debug|Any CPU
		Release|Any CPU = Release|Any CPU
	EndGlobalSection
	GlobalSection(ProjectConfigurationPlatforms) = postSolution
		{CAE30B49-E373-4063-A945-C1E2FF13769A}.Debug|Any CPU.ActiveCfg = Debug|Any CPU
		{CAE30B49-E373-4063-A945-C1E2FF13769A}.Debug|Any CPU.Build.0 = Debug|Any CPU
		{CAE30B49-E373-4063-A945-C1E2FF13769A}.Release|Any CPU.ActiveCfg = Release|Any CPU
		{CAE30B49-E373-4063-A945-C1E2FF13769A}.Release|Any CPU.Build.0 = Release|Any CPU
	EndGlobalSection
	GlobalSection(SolutionProperties) = preSolution
		HideSolutionNode = FALSE
	EndGlobalSection
	GlobalSection(ExtensibilityGlobals) = postSolution
		SolutionGuid = {283D7436-C459-479F-BD33-FA1887845913}
	EndGlobalSection
EndGlobal
